
Microsoft Visual Studio Solution File, Format Version 11.00
# Visual Studio 2010
Project("{FAE04EC0-301F-11D3-BF4B-00C04F79EFBC}") = "GaaTemplate2", "GaaTemplate2\GaaTemplate2.csproj", "{62A91F95-6DC0-451C-A89D-B562D333721E}"
EndProject
Global
	GlobalSection(SolutionConfigurationPlatforms) = preSolution
		Debug|Any CPU = Debug|Any CPU
		Release|Any CPU = Release|Any CPU
	EndGlobalSection
	GlobalSection(ProjectConfigurationPlatforms) = postSolution
		{62A91F95-6DC0-451C-A89D-B562D333721E}.Debug|Any CPU.ActiveCfg = Debug|Any CPU
		{62A91F95-6DC0-451C-A89D-B562D333721E}.Debug|Any CPU.Build.0 = Debug|Any CPU
		{62A91F95-6DC0-451C-A89D-B562D333721E}.Release|Any CPU.ActiveCfg = Release|Any CPU
		{62A91F95-6DC0-451C-A89D-B562D333721E}.Release|Any CPU.Build.0 = Release|Any CPU
	EndGlobalSection
	GlobalSection(SolutionProperties) = preSolution
		HideSolutionNode = FALSE
	EndGlobalSection
EndGlobal
